
Microsoft Visual Studio Solution File, Format Version 12.00
# Visual Studio Version 16
VisualStudioVersion = 16.0.31105.61
MinimumVisualStudioVersion = 10.0.40219.1
Project("{FAE04EC0-301F-11D3-BF4B-00C04F79EFBC}") = "memopad", "memopad.csproj", "{D8A66C00-3F34-48B2-B178-052B000D126F}"
EndProject
Global
	GlobalSection(SolutionConfigurationPlatforms) = preSolution
		Debug|Any CPU = Debug|Any CPU
		Release|Any CPU = Release|Any CPU
	EndGlobalSection
	GlobalSection(ProjectConfigurationPlatforms) = postSolution
		{D8A66C00-3F34-48B2-B178-052B000D126F}.Debug|Any CPU.ActiveCfg = Debug|Any CPU
		{D8A66C00-3F34-48B2-B178-052B000D126F}.Debug|Any CPU.Build.0 = Debug|Any CPU
		{D8A66C00-3F34-48B2-B178-052B000D126F}.Release|Any CPU.ActiveCfg = Release|Any CPU
		{D8A66C00-3F34-48B2-B178-052B000D126F}.Release|Any CPU.Build.0 = Release|Any CPU
	EndGlobalSection
	GlobalSection(SolutionProperties) = preSolution
		HideSolutionNode = FALSE
	EndGlobalSection
	GlobalSection(ExtensibilityGlobals) = postSolution
		SolutionGuid = {A298624F-CBC6-40BA-86F8-C8A9671DD9E4}
	EndGlobalSection
EndGlobal
